{
    "_readme": [
        "This file locks the dependencies of your project to a known state",
        "Read more about it at https://getcomposer.org/doc/01-basic-usage.md#composer-lock-the-lock-file",
        "This file is @generated automatically"
    ],
    "hash": "37ac7cca374082309cfdd4d9c5304341",
    "content-hash": "70fbaa02c1d0c409e28b770dea8e73df",
    "packages": [],
    "packages-dev": [],
    "aliases": [],
    "minimum-stability": "stable",
    "stability-flags": [],
    "prefer-stable": false,
    "prefer-lowest": false,
    "platform": {
        "php": "^7.2.0",
        "ext-gd": "*",
        "ext-mbstring": "*"
    },
    "platform-dev": []
}
